# This is a Gradle generated file for dependency locking.
# Manual edits can break the build and are not advised.
# This file is expected to be part of source control.
com.fasterxml.jackson.core:jackson-annotations:2.6.7=compileClasspath,runtimeClasspath
com.fasterxml.jackson.core:jackson-core:2.6.7=compileClasspath,runtimeClasspath
com.fasterxml.jackson.core:jackson-databind:2.6.7.5=compileClasspath,runtimeClasspath
com.fasterxml.jackson.datatype:jackson-datatype-jdk8:2.6.7=compileClasspath,runtimeClasspath
com.fasterxml:classmate:1.5.1=compileClasspath,runtimeClasspath
jakarta.el:jakarta.el-api:4.0.0=compileClasspath,runtimeClasspath
jakarta.validation:jakarta.validation-api:3.0.0=compileClasspath,runtimeClasspath
javax.activation:javax.activation-api:1.2.0=compileClasspath,runtimeClasspath
javax.annotation:javax.annotation-api:1.2=compileClasspath,runtimeClasspath
javax.validation:validation-api:1.1.0.Final=compileClasspath,runtimeClasspath
javax.ws.rs:javax.ws.rs-api:2.0.1=compileClasspath,runtimeClasspath
org.embulk:embulk-base-restclient:0.10.1=compileClasspath,runtimeClasspath
org.embulk:embulk-spi:0.11=compileClasspath
org.embulk:embulk-util-config:0.3.3=compileClasspath,runtimeClasspath
org.embulk:embulk-util-json:0.2.2=compileClasspath,runtimeClasspath
org.embulk:embulk-util-retryhelper-jaxrs:0.9.0=compileClasspath,runtimeClasspath
org.embulk:embulk-util-retryhelper:0.9.0=compileClasspath,runtimeClasspath
org.embulk:embulk-util-rubytime:0.3.3=compileClasspath,runtimeClasspath
org.embulk:embulk-util-timestamp:0.2.2=compileClasspath,runtimeClasspath
org.glassfish.hk2.external:aopalliance-repackaged:2.5.0-b32=compileClasspath,runtimeClasspath
org.glassfish.hk2.external:javax.inject:2.5.0-b32=compileClasspath,runtimeClasspath
org.glassfish.hk2:hk2-api:2.5.0-b32=compileClasspath,runtimeClasspath
org.glassfish.hk2:hk2-locator:2.5.0-b32=compileClasspath,runtimeClasspath
org.glassfish.hk2:hk2-utils:2.5.0-b32=compileClasspath,runtimeClasspath
org.glassfish.hk2:osgi-resource-locator:1.0.1=compileClasspath,runtimeClasspath
org.glassfish.jersey.bundles.repackaged:jersey-guava:2.25.1=compileClasspath,runtimeClasspath
org.glassfish.jersey.core:jersey-client:2.25.1=compileClasspath,runtimeClasspath
org.glassfish.jersey.core:jersey-common:2.25.1=compileClasspath,runtimeClasspath
org.glassfish:jakarta.el:4.0.2=compileClasspath,runtimeClasspath
org.hibernate.validator:hibernate-validator:7.0.5.Final=compileClasspath,runtimeClasspath
org.hibernate:hibernate-validator:7.0.5.Final=compileClasspath,runtimeClasspath
org.javassist:javassist:3.20.0-GA=compileClasspath,runtimeClasspath
org.jboss.logging:jboss-logging:3.4.1.Final=compileClasspath,runtimeClasspath
org.msgpack:msgpack-core:0.8.24=compileClasspath
org.slf4j:slf4j-api:2.0.7=compileClasspath
empty=
